
Microsoft Visual Studio Solution File, Format Version 12.00
# Visual Studio Version 16
VisualStudioVersion = 16.0.29306.81
MinimumVisualStudioVersion = 10.0.40219.1
Project("{8BC9CEB8-8B4A-11D0-8D11-00A0C91BC942}") = "Project_C++", "Project_C++\Project_C++.vcxproj", "{172138DB-C37A-4C30-B507-ACE89910DC5A}"
EndProject
Global
	GlobalSection(SolutionConfigurationPlatforms) = preSolution
		Debug|x64 = Debug|x64
		Debug|x86 = Debug|x86
		Release|x64 = Release|x64
		Release|x86 = Release|x86
	EndGlobalSection
	GlobalSection(ProjectConfigurationPlatforms) = postSolution
		{172138DB-C37A-4C30-B507-ACE89910DC5A}.Debug|x64.ActiveCfg = Debug|x64
		{172138DB-C37A-4C30-B507-ACE89910DC5A}.Debug|x64.Build.0 = Debug|x64
		{172138DB-C37A-4C30-B507-ACE89910DC5A}.Debug|x86.ActiveCfg = Debug|Win32
		{172138DB-C37A-4C30-B507-ACE89910DC5A}.Debug|x86.Build.0 = Debug|Win32
		{172138DB-C37A-4C30-B507-ACE89910DC5A}.Release|x64.ActiveCfg = Release|x64
		{172138DB-C37A-4C30-B507-ACE89910DC5A}.Release|x64.Build.0 = Release|x64
		{172138DB-C37A-4C30-B507-ACE89910DC5A}.Release|x86.ActiveCfg = Release|Win32
		{172138DB-C37A-4C30-B507-ACE89910DC5A}.Release|x86.Build.0 = Release|Win32
	EndGlobalSection
	GlobalSection(SolutionProperties) = preSolution
		HideSolutionNode = FALSE
	EndGlobalSection
	GlobalSection(ExtensibilityGlobals) = postSolution
		SolutionGuid = {686EB3BD-053A-4962-847B-A2DE2E9819EA}
	EndGlobalSection
EndGlobal
